# This file is automatically @generated by Cargo.
# It is not intended for manual editing.
version = 4

[[package]]
name = "chess-env"
version = "0.1.0"

[[package]]
name = "connect4-env"
version = "0.1.0"

[[package]]
name = "echo-env"
version = "0.1.0"

[[package]]
name = "grid-world-env"
version = "0.1.0"

[[package]]
name = "maze-env"
version = "0.1.0"

[[package]]
name = "openenv-cli"
version = "0.1.0"

[[package]]
name = "openenv-client"
version = "0.1.0"

[[package]]
name = "openenv-core"
version = "0.1.0"

[[package]]
name = "openenv-harness"
version = "0.1.0"

[[package]]
name = "openenv-mcp"
version = "0.1.0"

[[package]]
name = "openenv-rubrics"
version = "0.1.0"

[[package]]
name = "openenv-server"
version = "0.1.0"

[[package]]
name = "snake-env"
version = "0.1.0"

[[package]]
name = "websearch-env"
version = "0.1.0"

[[package]]
name = "wildfire-env"
version = "0.1.0"
